
Microsoft Visual Studio Solution File, Format Version 12.00
# Visual Studio Version 17
VisualStudioVersion = 17.0.31903.59
MinimumVisualStudioVersion = 10.0.40219.1
Project("{2150E333-8FDC-42A3-9474-1A3956D46DE8}") = "src", "src", "{C8341681-1C7C-4892-B065-9D089D790189}"
EndProject
Project("{2150E333-8FDC-42A3-9474-1A3956D46DE8}") = "Arrays", "Arrays", "{F977CF67-5B8E-4BAF-892A-AD368ADE7720}"
EndProject
Project("{FAE04EC0-301F-11D3-BF4B-00C04F79EFBC}") = "ArraysProject", "src\Arrays\ArraysProject\ArraysProject.csproj", "{C4AB7637-652B-42D3-96BC-035E576A914E}"
EndProject
Project("{2150E333-8FDC-42A3-9474-1A3956D46DE8}") = "ClassesAndStructs", "ClassesAndStructs", "{5D4A2969-F54B-46EA-BE20-61B89FB642C4}"
EndProject
Project("{FAE04EC0-301F-11D3-BF4B-00C04F79EFBC}") = "Constructors", "src\ClassesAndStructs\Constructors\Constructors.csproj", "{6946C819-A8C9-4BA1-BBC4-EAA049A4F515}"
EndProject
Project("{FAE04EC0-301F-11D3-BF4B-00C04F79EFBC}") = "Finalizers", "src\ClassesAndStructs\Finalizers\Finalizers.csproj", "{B574C731-B606-49E2-9159-900D3CAED948}"
EndProject
Project("{FAE04EC0-301F-11D3-BF4B-00C04F79EFBC}") = "Initializers", "src\ClassesAndStructs\Initializers\Initializers.csproj", "{23868005-8ED2-4FAD-9699-31E39BFB3B0F}"
EndProject
Project("{FAE04EC0-301F-11D3-BF4B-00C04F79EFBC}") = "Members", "src\ClassesAndStructs\Members\Members.csproj", "{9F510291-29AD-4110-A2E6-58FA5F95BB03}"
EndProject
Project("{FAE04EC0-301F-11D3-BF4B-00C04F79EFBC}") = "Methods", "src\ClassesAndStructs\Methods\Methods.csproj", "{39FA0727-58C4-4C5C-B99F-82C8E7DD9830}"
EndProject
Project("{FAE04EC0-301F-11D3-BF4B-00C04F79EFBC}") = "Overview", "src\ClassesAndStructs\Overview\Overview.csproj", "{66A33284-7FA5-42EA-AA09-D5204943E55E}"
EndProject
Project("{FAE04EC0-301F-11D3-BF4B-00C04F79EFBC}") = "Polymorphism", "src\ClassesAndStructs\Polymorphism\Polymorphism.csproj", "{0BD6ED09-9916-49C8-BA3F-9AB12E7E9C35}"
EndProject
Project("{FAE04EC0-301F-11D3-BF4B-00C04F79EFBC}") = "Properties", "src\ClassesAndStructs\Properties\Properties.csproj", "{9F4DEEFC-B048-45AA-97E5-3A647176D7D7}"
EndProject
Project("{2150E333-8FDC-42A3-9474-1A3956D46DE8}") = "CreateEndpoints", "CreateEndpoints", "{99BF8513-A1C2-474E-859D-70093CE80252}"
EndProject
Project("{FAE04EC0-301F-11D3-BF4B-00C04F79EFBC}") = "CreateEndpointsProject", "src\CreateEndpoints\CreateEndpointsProject\CreateEndpointsProject.csproj", "{D20BA62D-1251-4169-869E-21B7A11493E0}"
EndProject
Project("{2150E333-8FDC-42A3-9474-1A3956D46DE8}") = "Delegates", "Delegates", "{70D8844B-E6D2-44D0-8958-5510AB7BA1A3}"
EndProject
Project("{FAE04EC0-301F-11D3-BF4B-00C04F79EFBC}") = "DelegatesProject", "src\Delegates\DelegatesProject\DelegatesProject.csproj", "{168A4E76-6418-479F-8FAB-B3C960DEC1E0}"
EndProject
Project("{2150E333-8FDC-42A3-9474-1A3956D46DE8}") = "Events", "Events", "{C7D034BA-EBE8-437A-8AA3-436D4B8C4281}"
EndProject
Project("{FAE04EC0-301F-11D3-BF4B-00C04F79EFBC}") = "EventsProject", "src\Events\EventsProject\EventsProject.csproj", "{D7BB50CA-CC95-41E2-B4AF-8FE07A859E26}"
EndProject
Project("{FAE04EC0-301F-11D3-BF4B-00C04F79EFBC}") = "WpfAppEvents", "src\Events\WpfAppEvents\WpfAppEvents.csproj", "{D31E11FB-F511-40CC-A58F-3BB605963D52}"
EndProject
Project("{2150E333-8FDC-42A3-9474-1A3956D46DE8}") = "Exceptions", "Exceptions", "{712798D8-E677-4AC9-84C1-B7CD4C2AB40D}"
EndProject
Project("{FAE04EC0-301F-11D3-BF4B-00C04F79EFBC}") = "ExceptionsProject", "src\Exceptions\ExceptionsProject\ExceptionsProject.csproj", "{FD579CD0-B280-4BEB-B3F8-51807735ADC5}"
EndProject
Project("{2150E333-8FDC-42A3-9474-1A3956D46DE8}") = "FileSystemAndRegistry", "FileSystemAndRegistry", "{045437C9-D337-464F-AD4F-C3A5031B72D1}"
EndProject
Project("{FAE04EC0-301F-11D3-BF4B-00C04F79EFBC}") = "FileSystemProject", "src\FileSystemAndRegistry\FileSystemProject\FileSystemProject.csproj", "{4C169A19-B6FA-4593-B28B-792F6CCE657F}"
EndProject
Project("{2150E333-8FDC-42A3-9474-1A3956D46DE8}") = "Generics", "Generics", "{EC55B9E9-4335-40C6-8826-C5E4C66C08BF}"
EndProject
Project("{FAE04EC0-301F-11D3-BF4B-00C04F79EFBC}") = "GenericsProject", "src\Generics\GenericsProject\GenericsProject.csproj", "{6B4E254A-D072-444E-941A-4F3DD6E82CEB}"
EndProject
Project("{2150E333-8FDC-42A3-9474-1A3956D46DE8}") = "Indexers", "Indexers", "{B0BCC38B-6F6E-4647-8F80-C73C013A6413}"
EndProject
Project("{FAE04EC0-301F-11D3-BF4B-00C04F79EFBC}") = "IndexersProject", "src\Indexers\IndexersProject\IndexersProject.csproj", "{201052A1-EE81-4F39-BE41-854E78FB27C1}"
EndProject
Project("{2150E333-8FDC-42A3-9474-1A3956D46DE8}") = "Interfaces", "Interfaces", "{F76243ED-F77E-4F1F-91AF-22F731DA7CB3}"
EndProject
Project("{FAE04EC0-301F-11D3-BF4B-00C04F79EFBC}") = "InterfacesProject", "src\Interfaces\InterfacesProject\InterfacesProject.csproj", "{9BB1E296-A2D1-4A79-A034-76B072613EC9}"
EndProject
Project("{2150E333-8FDC-42A3-9474-1A3956D46DE8}") = "MainAndCommandLine", "MainAndCommandLine", "{090E2A88-9472-45B8-9E8D-5730085EBDD3}"
EndProject
Project("{FAE04EC0-301F-11D3-BF4B-00C04F79EFBC}") = "ConsoleApp", "src\MainAndCommandLine\ConsoleApp\ConsoleApp.csproj", "{2F76ED48-C61D-4442-A20B-0984F60ABF64}"
EndProject
Project("{2150E333-8FDC-42A3-9474-1A3956D46DE8}") = "Namespaces", "Namespaces", "{DA492F8F-E367-462F-AF83-494CAF4AD1F7}"
EndProject
Project("{FAE04EC0-301F-11D3-BF4B-00C04F79EFBC}") = "NamespacesProject", "src\Namespaces\NamespacesProject\NamespacesProject.csproj", "{6B8AF1F4-5BC8-4AAC-B414-CFC7275137D6}"
EndProject
Project("{2150E333-8FDC-42A3-9474-1A3956D46DE8}") = "StatementsExpressionsOperators", "StatementsExpressionsOperators", "{ECD4EA8C-ACD2-4E63-98DD-7186BAAFEA11}"
EndProject
Project("{FAE04EC0-301F-11D3-BF4B-00C04F79EFBC}") = "AnonymousFunctions", "src\StatementsExpressionsOperators\AnonymousFunctions\AnonymousFunctions.csproj", "{698BE83E-2BC8-4125-BB07-01C7DE101420}"
EndProject
Project("{FAE04EC0-301F-11D3-BF4B-00C04F79EFBC}") = "EqualityComparisons", "src\StatementsExpressionsOperators\EqualityComparisons\EqualityComparisons.csproj", "{E30DFE5E-3C19-4674-9006-02B48BE9DCE8}"
EndProject
Project("{FAE04EC0-301F-11D3-BF4B-00C04F79EFBC}") = "Expressions", "src\StatementsExpressionsOperators\Expressions\Expressions.csproj", "{707C5024-5A8D-4DC2-BEE5-6DC5EF25DF42}"
EndProject
Project("{FAE04EC0-301F-11D3-BF4B-00C04F79EFBC}") = "Statements", "src\StatementsExpressionsOperators\Statements\Statements.csproj", "{FF677E1A-A7BF-4235-9EB4-440BE81F3438}"
EndProject
Project("{2150E333-8FDC-42A3-9474-1A3956D46DE8}") = "Strings", "Strings", "{80EDAFE5-9002-49E7-864C-2A7A8D3AE922}"
EndProject
Project("{FAE04EC0-301F-11D3-BF4B-00C04F79EFBC}") = "StringsProject", "src\Strings\StringsProject\StringsProject.csproj", "{740618C9-1541-4DBB-9E15-8A8518C83BE2}"
EndProject
Project("{2150E333-8FDC-42A3-9474-1A3956D46DE8}") = "Types", "Types", "{AC02F412-6AF4-4921-B2C6-11DA071963FD}"
EndProject
Project("{FAE04EC0-301F-11D3-BF4B-00C04F79EFBC}") = "TypesProject", "src\Types\TypesProject\TypesProject.csproj", "{9A4AEB7B-E352-4BD0-9E69-DD796BA11528}"
EndProject
Project("{2150E333-8FDC-42A3-9474-1A3956D46DE8}") = "UnsafeCodeAndPointers", "UnsafeCodeAndPointers", "{0B64EB39-0773-403E-A64F-A3E4C258B64A}"
EndProject
Project("{FAE04EC0-301F-11D3-BF4B-00C04F79EFBC}") = "UnsafeProject", "src\UnsafeCodeAndPointers\UnsafeProject\UnsafeProject.csproj", "{ACD01308-D926-4B1B-A6FF-D3DAD49F7794}"
EndProject
Project("{2150E333-8FDC-42A3-9474-1A3956D46DE8}") = "XMLDocumentationComments", "XMLDocumentationComments", "{0FBC3802-52B3-4D61-B404-B2D84897520D}"
EndProject
Project("{FAE04EC0-301F-11D3-BF4B-00C04F79EFBC}") = "XMLDocumentationProject", "src\XMLDocumentationComments\XMLDocumentationProject\XMLDocumentationProject.csproj", "{2F6BA814-FF1F-4E19-9831-1B74A9A6E981}"
EndProject
Global
	GlobalSection(SolutionConfigurationPlatforms) = preSolution
		Debug|Any CPU = Debug|Any CPU
		Release|Any CPU = Release|Any CPU
	EndGlobalSection
	GlobalSection(SolutionProperties) = preSolution
		HideSolutionNode = FALSE
	EndGlobalSection
	GlobalSection(ProjectConfigurationPlatforms) = postSolution
		{C4AB7637-652B-42D3-96BC-035E576A914E}.Debug|Any CPU.ActiveCfg = Debug|Any CPU
		{C4AB7637-652B-42D3-96BC-035E576A914E}.Debug|Any CPU.Build.0 = Debug|Any CPU
		{C4AB7637-652B-42D3-96BC-035E576A914E}.Release|Any CPU.ActiveCfg = Release|Any CPU
		{C4AB7637-652B-42D3-96BC-035E576A914E}.Release|Any CPU.Build.0 = Release|Any CPU
		{6946C819-A8C9-4BA1-BBC4-EAA049A4F515}.Debug|Any CPU.ActiveCfg = Debug|Any CPU
		{6946C819-A8C9-4BA1-BBC4-EAA049A4F515}.Debug|Any CPU.Build.0 = Debug|Any CPU
		{6946C819-A8C9-4BA1-BBC4-EAA049A4F515}.Release|Any CPU.ActiveCfg = Release|Any CPU
		{6946C819-A8C9-4BA1-BBC4-EAA049A4F515}.Release|Any CPU.Build.0 = Release|Any CPU
		{B574C731-B606-49E2-9159-900D3CAED948}.Debug|Any CPU.ActiveCfg = Debug|Any CPU
		{B574C731-B606-49E2-9159-900D3CAED948}.Debug|Any CPU.Build.0 = Debug|Any CPU
		{B574C731-B606-49E2-9159-900D3CAED948}.Release|Any CPU.ActiveCfg = Release|Any CPU
		{B574C731-B606-49E2-9159-900D3CAED948}.Release|Any CPU.Build.0 = Release|Any CPU
		{23868005-8ED2-4FAD-9699-31E39BFB3B0F}.Debug|Any CPU.ActiveCfg = Debug|Any CPU
		{23868005-8ED2-4FAD-9699-31E39BFB3B0F}.Debug|Any CPU.Build.0 = Debug|Any CPU
		{23868005-8ED2-4FAD-9699-31E39BFB3B0F}.Release|Any CPU.ActiveCfg = Release|Any CPU
		{23868005-8ED2-4FAD-9699-31E39BFB3B0F}.Release|Any CPU.Build.0 = Release|Any CPU
		{9F510291-29AD-4110-A2E6-58FA5F95BB03}.Debug|Any CPU.ActiveCfg = Debug|Any CPU
		{9F510291-29AD-4110-A2E6-58FA5F95BB03}.Debug|Any CPU.Build.0 = Debug|Any CPU
		{9F510291-29AD-4110-A2E6-58FA5F95BB03}.Release|Any CPU.ActiveCfg = Release|Any CPU
		{9F510291-29AD-4110-A2E6-58FA5F95BB03}.Release|Any CPU.Build.0 = Release|Any CPU
		{39FA0727-58C4-4C5C-B99F-82C8E7DD9830}.Debug|Any CPU.ActiveCfg = Debug|Any CPU
		{39FA0727-58C4-4C5C-B99F-82C8E7DD9830}.Debug|Any CPU.Build.0 = Debug|Any CPU
		{39FA0727-58C4-4C5C-B99F-82C8E7DD9830}.Release|Any CPU.ActiveCfg = Release|Any CPU
		{39FA0727-58C4-4C5C-B99F-82C8E7DD9830}.Release|Any CPU.Build.0 = Release|Any CPU
		{66A33284-7FA5-42EA-AA09-D5204943E55E}.Debug|Any CPU.ActiveCfg = Debug|Any CPU
		{66A33284-7FA5-42EA-AA09-D5204943E55E}.Debug|Any CPU.Build.0 = Debug|Any CPU
		{66A33284-7FA5-42EA-AA09-D5204943E55E}.Release|Any CPU.ActiveCfg = Release|Any CPU
		{66A33284-7FA5-42EA-AA09-D5204943E55E}.Release|Any CPU.Build.0 = Release|Any CPU
		{0BD6ED09-9916-49C8-BA3F-9AB12E7E9C35}.Debug|Any CPU.ActiveCfg = Debug|Any CPU
		{0BD6ED09-9916-49C8-BA3F-9AB12E7E9C35}.Debug|Any CPU.Build.0 = Debug|Any CPU
		{0BD6ED09-9916-49C8-BA3F-9AB12E7E9C35}.Release|Any CPU.ActiveCfg = Release|Any CPU
		{0BD6ED09-9916-49C8-BA3F-9AB12E7E9C35}.Release|Any CPU.Build.0 = Release|Any CPU
		{9F4DEEFC-B048-45AA-97E5-3A647176D7D7}.Debug|Any CPU.ActiveCfg = Debug|Any CPU
		{9F4DEEFC-B048-45AA-97E5-3A647176D7D7}.Debug|Any CPU.Build.0 = Debug|Any CPU
		{9F4DEEFC-B048-45AA-97E5-3A647176D7D7}.Release|Any CPU.ActiveCfg = Release|Any CPU
		{9F4DEEFC-B048-45AA-97E5-3A647176D7D7}.Release|Any CPU.Build.0 = Release|Any CPU
		{D20BA62D-1251-4169-869E-21B7A11493E0}.Debug|Any CPU.ActiveCfg = Debug|Any CPU
		{D20BA62D-1251-4169-869E-21B7A11493E0}.Debug|Any CPU.Build.0 = Debug|Any CPU
		{D20BA62D-1251-4169-869E-21B7A11493E0}.Release|Any CPU.ActiveCfg = Release|Any CPU
		{D20BA62D-1251-4169-869E-21B7A11493E0}.Release|Any CPU.Build.0 = Release|Any CPU
		{168A4E76-6418-479F-8FAB-B3C960DEC1E0}.Debug|Any CPU.ActiveCfg = Debug|Any CPU
		{168A4E76-6418-479F-8FAB-B3C960DEC1E0}.Debug|Any CPU.Build.0 = Debug|Any CPU
		{168A4E76-6418-479F-8FAB-B3C960DEC1E0}.Release|Any CPU.ActiveCfg = Release|Any CPU
		{168A4E76-6418-479F-8FAB-B3C960DEC1E0}.Release|Any CPU.Build.0 = Release|Any CPU
		{D7BB50CA-CC95-41E2-B4AF-8FE07A859E26}.Debug|Any CPU.ActiveCfg = Debug|Any CPU
		{D7BB50CA-CC95-41E2-B4AF-8FE07A859E26}.Debug|Any CPU.Build.0 = Debug|Any CPU
		{D7BB50CA-CC95-41E2-B4AF-8FE07A859E26}.Release|Any CPU.ActiveCfg = Release|Any CPU
		{D7BB50CA-CC95-41E2-B4AF-8FE07A859E26}.Release|Any CPU.Build.0 = Release|Any CPU
		{D31E11FB-F511-40CC-A58F-3BB605963D52}.Debug|Any CPU.ActiveCfg = Debug|Any CPU
		{D31E11FB-F511-40CC-A58F-3BB605963D52}.Debug|Any CPU.Build.0 = Debug|Any CPU
		{D31E11FB-F511-40CC-A58F-3BB605963D52}.Release|Any CPU.ActiveCfg = Release|Any CPU
		{D31E11FB-F511-40CC-A58F-3BB605963D52}.Release|Any CPU.Build.0 = Release|Any CPU
		{FD579CD0-B280-4BEB-B3F8-51807735ADC5}.Debug|Any CPU.ActiveCfg = Debug|Any CPU
		{FD579CD0-B280-4BEB-B3F8-51807735ADC5}.Debug|Any CPU.Build.0 = Debug|Any CPU
		{FD579CD0-B280-4BEB-B3F8-51807735ADC5}.Release|Any CPU.ActiveCfg = Release|Any CPU
		{FD579CD0-B280-4BEB-B3F8-51807735ADC5}.Release|Any CPU.Build.0 = Release|Any CPU
		{4C169A19-B6FA-4593-B28B-792F6CCE657F}.Debug|Any CPU.ActiveCfg = Debug|Any CPU
		{4C169A19-B6FA-4593-B28B-792F6CCE657F}.Debug|Any CPU.Build.0 = Debug|Any CPU
		{4C169A19-B6FA-4593-B28B-792F6CCE657F}.Release|Any CPU.ActiveCfg = Release|Any CPU
		{4C169A19-B6FA-4593-B28B-792F6CCE657F}.Release|Any CPU.Build.0 = Release|Any CPU
		{6B4E254A-D072-444E-941A-4F3DD6E82CEB}.Debug|Any CPU.ActiveCfg = Debug|Any CPU
		{6B4E254A-D072-444E-941A-4F3DD6E82CEB}.Debug|Any CPU.Build.0 = Debug|Any CPU
		{6B4E254A-D072-444E-941A-4F3DD6E82CEB}.Release|Any CPU.ActiveCfg = Release|Any CPU
		{6B4E254A-D072-444E-941A-4F3DD6E82CEB}.Release|Any CPU.Build.0 = Release|Any CPU
		{201052A1-EE81-4F39-BE41-854E78FB27C1}.Debug|Any CPU.ActiveCfg = Debug|Any CPU
		{201052A1-EE81-4F39-BE41-854E78FB27C1}.Debug|Any CPU.Build.0 = Debug|Any CPU
		{201052A1-EE81-4F39-BE41-854E78FB27C1}.Release|Any CPU.ActiveCfg = Release|Any CPU
		{201052A1-EE81-4F39-BE41-854E78FB27C1}.Release|Any CPU.Build.0 = Release|Any CPU
		{9BB1E296-A2D1-4A79-A034-76B072613EC9}.Debug|Any CPU.ActiveCfg = Debug|Any CPU
		{9BB1E296-A2D1-4A79-A034-76B072613EC9}.Debug|Any CPU.Build.0 = Debug|Any CPU
		{9BB1E296-A2D1-4A79-A034-76B072613EC9}.Release|Any CPU.ActiveCfg = Release|Any CPU
		{9BB1E296-A2D1-4A79-A034-76B072613EC9}.Release|Any CPU.Build.0 = Release|Any CPU
		{2F76ED48-C61D-4442-A20B-0984F60ABF64}.Debug|Any CPU.ActiveCfg = Debug|Any CPU
		{2F76ED48-C61D-4442-A20B-0984F60ABF64}.Debug|Any CPU.Build.0 = Debug|Any CPU
		{2F76ED48-C61D-4442-A20B-0984F60ABF64}.Release|Any CPU.ActiveCfg = Release|Any CPU
		{2F76ED48-C61D-4442-A20B-0984F60ABF64}.Release|Any CPU.Build.0 = Release|Any CPU
		{6B8AF1F4-5BC8-4AAC-B414-CFC7275137D6}.Debug|Any CPU.ActiveCfg = Debug|Any CPU
		{6B8AF1F4-5BC8-4AAC-B414-CFC7275137D6}.Debug|Any CPU.Build.0 = Debug|Any CPU
		{6B8AF1F4-5BC8-4AAC-B414-CFC7275137D6}.Release|Any CPU.ActiveCfg = Release|Any CPU
		{6B8AF1F4-5BC8-4AAC-B414-CFC7275137D6}.Release|Any CPU.Build.0 = Release|Any CPU
		{698BE83E-2BC8-4125-BB07-01C7DE101420}.Debug|Any CPU.ActiveCfg = Debug|Any CPU
		{698BE83E-2BC8-4125-BB07-01C7DE101420}.Debug|Any CPU.Build.0 = Debug|Any CPU
		{698BE83E-2BC8-4125-BB07-01C7DE101420}.Release|Any CPU.ActiveCfg = Release|Any CPU
		{698BE83E-2BC8-4125-BB07-01C7DE101420}.Release|Any CPU.Build.0 = Release|Any CPU
		{E30DFE5E-3C19-4674-9006-02B48BE9DCE8}.Debug|Any CPU.ActiveCfg = Debug|Any CPU
		{E30DFE5E-3C19-4674-9006-02B48BE9DCE8}.Debug|Any CPU.Build.0 = Debug|Any CPU
		{E30DFE5E-3C19-4674-9006-02B48BE9DCE8}.Release|Any CPU.ActiveCfg = Release|Any CPU
		{E30DFE5E-3C19-4674-9006-02B48BE9DCE8}.Release|Any CPU.Build.0 = Release|Any CPU
		{707C5024-5A8D-4DC2-BEE5-6DC5EF25DF42}.Debug|Any CPU.ActiveCfg = Debug|Any CPU
		{707C5024-5A8D-4DC2-BEE5-6DC5EF25DF42}.Debug|Any CPU.Build.0 = Debug|Any CPU
		{707C5024-5A8D-4DC2-BEE5-6DC5EF25DF42}.Release|Any CPU.ActiveCfg = Release|Any CPU
		{707C5024-5A8D-4DC2-BEE5-6DC5EF25DF42}.Release|Any CPU.Build.0 = Release|Any CPU
		{FF677E1A-A7BF-4235-9EB4-440BE81F3438}.Debug|Any CPU.ActiveCfg = Debug|Any CPU
		{FF677E1A-A7BF-4235-9EB4-440BE81F3438}.Debug|Any CPU.Build.0 = Debug|Any CPU
		{FF677E1A-A7BF-4235-9EB4-440BE81F3438}.Release|Any CPU.ActiveCfg = Release|Any CPU
		{FF677E1A-A7BF-4235-9EB4-440BE81F3438}.Release|Any CPU.Build.0 = Release|Any CPU
		{740618C9-1541-4DBB-9E15-8A8518C83BE2}.Debug|Any CPU.ActiveCfg = Debug|Any CPU
		{740618C9-1541-4DBB-9E15-8A8518C83BE2}.Debug|Any CPU.Build.0 = Debug|Any CPU
		{740618C9-1541-4DBB-9E15-8A8518C83BE2}.Release|Any CPU.ActiveCfg = Release|Any CPU
		{740618C9-1541-4DBB-9E15-8A8518C83BE2}.Release|Any CPU.Build.0 = Release|Any CPU
		{9A4AEB7B-E352-4BD0-9E69-DD796BA11528}.Debug|Any CPU.ActiveCfg = Debug|Any CPU
		{9A4AEB7B-E352-4BD0-9E69-DD796BA11528}.Debug|Any CPU.Build.0 = Debug|Any CPU
		{9A4AEB7B-E352-4BD0-9E69-DD796BA11528}.Release|Any CPU.ActiveCfg = Release|Any CPU
		{9A4AEB7B-E352-4BD0-9E69-DD796BA11528}.Release|Any CPU.Build.0 = Release|Any CPU
		{ACD01308-D926-4B1B-A6FF-D3DAD49F7794}.Debug|Any CPU.ActiveCfg = Debug|Any CPU
		{ACD01308-D926-4B1B-A6FF-D3DAD49F7794}.Debug|Any CPU.Build.0 = Debug|Any CPU
		{ACD01308-D926-4B1B-A6FF-D3DAD49F7794}.Release|Any CPU.ActiveCfg = Release|Any CPU
		{ACD01308-D926-4B1B-A6FF-D3DAD49F7794}.Release|Any CPU.Build.0 = Release|Any CPU
		{2F6BA814-FF1F-4E19-9831-1B74A9A6E981}.Debug|Any CPU.ActiveCfg = Debug|Any CPU
		{2F6BA814-FF1F-4E19-9831-1B74A9A6E981}.Debug|Any CPU.Build.0 = Debug|Any CPU
		{2F6BA814-FF1F-4E19-9831-1B74A9A6E981}.Release|Any CPU.ActiveCfg = Release|Any CPU
		{2F6BA814-FF1F-4E19-9831-1B74A9A6E981}.Release|Any CPU.Build.0 = Release|Any CPU
	EndGlobalSection
	GlobalSection(NestedProjects) = preSolution
		{F977CF67-5B8E-4BAF-892A-AD368ADE7720} = {C8341681-1C7C-4892-B065-9D089D790189}
		{C4AB7637-652B-42D3-96BC-035E576A914E} = {F977CF67-5B8E-4BAF-892A-AD368ADE7720}
		{5D4A2969-F54B-46EA-BE20-61B89FB642C4} = {C8341681-1C7C-4892-B065-9D089D790189}
		{6946C819-A8C9-4BA1-BBC4-EAA049A4F515} = {5D4A2969-F54B-46EA-BE20-61B89FB642C4}
		{B574C731-B606-49E2-9159-900D3CAED948} = {5D4A2969-F54B-46EA-BE20-61B89FB642C4}
		{23868005-8ED2-4FAD-9699-31E39BFB3B0F} = {5D4A2969-F54B-46EA-BE20-61B89FB642C4}
		{9F510291-29AD-4110-A2E6-58FA5F95BB03} = {5D4A2969-F54B-46EA-BE20-61B89FB642C4}
		{39FA0727-58C4-4C5C-B99F-82C8E7DD9830} = {5D4A2969-F54B-46EA-BE20-61B89FB642C4}
		{66A33284-7FA5-42EA-AA09-D5204943E55E} = {5D4A2969-F54B-46EA-BE20-61B89FB642C4}
		{0BD6ED09-9916-49C8-BA3F-9AB12E7E9C35} = {5D4A2969-F54B-46EA-BE20-61B89FB642C4}
		{9F4DEEFC-B048-45AA-97E5-3A647176D7D7} = {5D4A2969-F54B-46EA-BE20-61B89FB642C4}
		{99BF8513-A1C2-474E-859D-70093CE80252} = {C8341681-1C7C-4892-B065-9D089D790189}
		{D20BA62D-1251-4169-869E-21B7A11493E0} = {99BF8513-A1C2-474E-859D-70093CE80252}
		{70D8844B-E6D2-44D0-8958-5510AB7BA1A3} = {C8341681-1C7C-4892-B065-9D089D790189}
		{168A4E76-6418-479F-8FAB-B3C960DEC1E0} = {70D8844B-E6D2-44D0-8958-5510AB7BA1A3}
		{C7D034BA-EBE8-437A-8AA3-436D4B8C4281} = {C8341681-1C7C-4892-B065-9D089D790189}
		{D7BB50CA-CC95-41E2-B4AF-8FE07A859E26} = {C7D034BA-EBE8-437A-8AA3-436D4B8C4281}
		{D31E11FB-F511-40CC-A58F-3BB605963D52} = {C7D034BA-EBE8-437A-8AA3-436D4B8C4281}
		{712798D8-E677-4AC9-84C1-B7CD4C2AB40D} = {C8341681-1C7C-4892-B065-9D089D790189}
		{FD579CD0-B280-4BEB-B3F8-51807735ADC5} = {712798D8-E677-4AC9-84C1-B7CD4C2AB40D}
		{045437C9-D337-464F-AD4F-C3A5031B72D1} = {C8341681-1C7C-4892-B065-9D089D790189}
		{4C169A19-B6FA-4593-B28B-792F6CCE657F} = {045437C9-D337-464F-AD4F-C3A5031B72D1}
		{EC55B9E9-4335-40C6-8826-C5E4C66C08BF} = {C8341681-1C7C-4892-B065-9D089D790189}
		{6B4E254A-D072-444E-941A-4F3DD6E82CEB} = {EC55B9E9-4335-40C6-8826-C5E4C66C08BF}
		{B0BCC38B-6F6E-4647-8F80-C73C013A6413} = {C8341681-1C7C-4892-B065-9D089D790189}
		{201052A1-EE81-4F39-BE41-854E78FB27C1} = {B0BCC38B-6F6E-4647-8F80-C73C013A6413}
		{F76243ED-F77E-4F1F-91AF-22F731DA7CB3} = {C8341681-1C7C-4892-B065-9D089D790189}
		{9BB1E296-A2D1-4A79-A034-76B072613EC9} = {F76243ED-F77E-4F1F-91AF-22F731DA7CB3}
		{090E2A88-9472-45B8-9E8D-5730085EBDD3} = {C8341681-1C7C-4892-B065-9D089D790189}
		{2F76ED48-C61D-4442-A20B-0984F60ABF64} = {090E2A88-9472-45B8-9E8D-5730085EBDD3}
		{DA492F8F-E367-462F-AF83-494CAF4AD1F7} = {C8341681-1C7C-4892-B065-9D089D790189}
		{6B8AF1F4-5BC8-4AAC-B414-CFC7275137D6} = {DA492F8F-E367-462F-AF83-494CAF4AD1F7}
		{ECD4EA8C-ACD2-4E63-98DD-7186BAAFEA11} = {C8341681-1C7C-4892-B065-9D089D790189}
		{698BE83E-2BC8-4125-BB07-01C7DE101420} = {ECD4EA8C-ACD2-4E63-98DD-7186BAAFEA11}
		{E30DFE5E-3C19-4674-9006-02B48BE9DCE8} = {ECD4EA8C-ACD2-4E63-98DD-7186BAAFEA11}
		{707C5024-5A8D-4DC2-BEE5-6DC5EF25DF42} = {ECD4EA8C-ACD2-4E63-98DD-7186BAAFEA11}
		{FF677E1A-A7BF-4235-9EB4-440BE81F3438} = {ECD4EA8C-ACD2-4E63-98DD-7186BAAFEA11}
		{80EDAFE5-9002-49E7-864C-2A7A8D3AE922} = {C8341681-1C7C-4892-B065-9D089D790189}
		{740618C9-1541-4DBB-9E15-8A8518C83BE2} = {80EDAFE5-9002-49E7-864C-2A7A8D3AE922}
		{AC02F412-6AF4-4921-B2C6-11DA071963FD} = {C8341681-1C7C-4892-B065-9D089D790189}
		{9A4AEB7B-E352-4BD0-9E69-DD796BA11528} = {AC02F412-6AF4-4921-B2C6-11DA071963FD}
		{0B64EB39-0773-403E-A64F-A3E4C258B64A} = {C8341681-1C7C-4892-B065-9D089D790189}
		{ACD01308-D926-4B1B-A6FF-D3DAD49F7794} = {0B64EB39-0773-403E-A64F-A3E4C258B64A}
		{0FBC3802-52B3-4D61-B404-B2D84897520D} = {C8341681-1C7C-4892-B065-9D089D790189}
		{2F6BA814-FF1F-4E19-9831-1B74A9A6E981} = {0FBC3802-52B3-4D61-B404-B2D84897520D}
	EndGlobalSection
EndGlobal
