
Microsoft Visual Studio Solution File, Format Version 12.00
Project("{FAE04EC0-301F-11D3-BF4B-00C04F79EFBC}") = "Statements", "Statements\Statements.csproj", "{C270A52F-C420-4839-AC80-11DC70014BFD}"
EndProject
Project("{FAE04EC0-301F-11D3-BF4B-00C04F79EFBC}") = "Expressions", "Expressions\Expressions.csproj", "{9F83C1BF-334B-48C1-B500-6E19188BBB18}"
EndProject
Project("{FAE04EC0-301F-11D3-BF4B-00C04F79EFBC}") = "AnonymousFunctions", "AnonymousFunctions\AnonymousFunctions.csproj", "{58ECF1DB-8E3C-4C93-9E07-ABF7495D63D6}"
EndProject
Global
	GlobalSection(SolutionConfigurationPlatforms) = preSolution
		Debug|Any CPU = Debug|Any CPU
		Release|Any CPU = Release|Any CPU
	EndGlobalSection
	GlobalSection(ProjectConfigurationPlatforms) = postSolution
		{C270A52F-C420-4839-AC80-11DC70014BFD}.Debug|Any CPU.ActiveCfg = Debug|Any CPU
		{C270A52F-C420-4839-AC80-11DC70014BFD}.Debug|Any CPU.Build.0 = Debug|Any CPU
		{C270A52F-C420-4839-AC80-11DC70014BFD}.Release|Any CPU.ActiveCfg = Release|Any CPU
		{C270A52F-C420-4839-AC80-11DC70014BFD}.Release|Any CPU.Build.0 = Release|Any CPU
		{9F83C1BF-334B-48C1-B500-6E19188BBB18}.Debug|Any CPU.ActiveCfg = Debug|Any CPU
		{9F83C1BF-334B-48C1-B500-6E19188BBB18}.Debug|Any CPU.Build.0 = Debug|Any CPU
		{9F83C1BF-334B-48C1-B500-6E19188BBB18}.Release|Any CPU.ActiveCfg = Release|Any CPU
		{9F83C1BF-334B-48C1-B500-6E19188BBB18}.Release|Any CPU.Build.0 = Release|Any CPU
		{58ECF1DB-8E3C-4C93-9E07-ABF7495D63D6}.Debug|Any CPU.ActiveCfg = Debug|Any CPU
		{58ECF1DB-8E3C-4C93-9E07-ABF7495D63D6}.Debug|Any CPU.Build.0 = Debug|Any CPU
		{58ECF1DB-8E3C-4C93-9E07-ABF7495D63D6}.Release|Any CPU.ActiveCfg = Release|Any CPU
		{58ECF1DB-8E3C-4C93-9E07-ABF7495D63D6}.Release|Any CPU.Build.0 = Release|Any CPU
	EndGlobalSection
EndGlobal
